Microsoft Visual Studio Solution File, Format Version 12.00
# Visual Studio Version 17
VisualStudioVersion = 17.5.2.0
MinimumVisualStudioVersion = 10.0.40219.1
Project("{2150E333-8FDC-42A3-9474-1A3956D46DE8}") = "Syncro.Server", "Syncro.Server", "{F26D0FFD-77AC-A1C6-BA10-519494C31AE7}"
EndProject
Project("{FAE04EC0-301F-11D3-BF4B-00C04F79EFBC}") = "TodoApi", "Syncro.Server\TodoApi\TodoApi.csproj", "{2E7F3DD0-18B3-9051-8996-BB871F5DE868}"
EndProject
Global
	GlobalSection(SolutionConfigurationPlatforms) = preSolution
		Debug|Any CPU = Debug|Any CPU
		Release|Any CPU = Release|Any CPU
	EndGlobalSection
	GlobalSection(ProjectConfigurationPlatforms) = postSolution
		{2E7F3DD0-18B3-9051-8996-BB871F5DE868}.Debug|Any CPU.ActiveCfg = Debug|Any CPU
		{2E7F3DD0-18B3-9051-8996-BB871F5DE868}.Debug|Any CPU.Build.0 = Debug|Any CPU
		{2E7F3DD0-18B3-9051-8996-BB871F5DE868}.Release|Any CPU.ActiveCfg = Release|Any CPU
		{2E7F3DD0-18B3-9051-8996-BB871F5DE868}.Release|Any CPU.Build.0 = Release|Any CPU
	EndGlobalSection
	GlobalSection(SolutionProperties) = preSolution
		HideSolutionNode = FALSE
	EndGlobalSection
	GlobalSection(NestedProjects) = preSolution
		{2E7F3DD0-18B3-9051-8996-BB871F5DE868} = {F26D0FFD-77AC-A1C6-BA10-519494C31AE7}
	EndGlobalSection
	GlobalSection(ExtensibilityGlobals) = postSolution
		SolutionGuid = {DBDF9AD2-FCB0-4269-90D3-D4A109310AD2}
	EndGlobalSection
EndGlobal
